PODS:
  - Kingfisher (3.4.0)
  - SwiftLint (0.16.1)

DEPENDENCIES:
  - Kingfisher (~> 3.0)
  - SwiftLint

SPEC CHECKSUMS:
  Kingfisher: 5690cfb3d1bddf3a98d679a3a34d0b7294974ed2
  SwiftLint: b8b683208cc09640898f16318a7a452274e91f61

PODFILE CHECKSUM: 121c74d863c55be1875f1cf6cf8ba78d14902298

COCOAPODS: 1.0.1
