// !$*UTF8*$!
{
	archiveVersion = 1;
	classes = {
	};
	objectVersion = 46;
	objects = {

/* Begin PBXBuildFile section */
		341AC8C71E67B7C300C0AE91 /* SearchContextTableViewController.swift in Sources */ = {isa = PBXBuildFile; fileRef = 341AC8C61E67B7C300C0AE91 /* SearchContextTableViewController.swift */; };
		342D33871E680AFA00795B47 /* PlaceTableViewController.swift in Sources */ = {isa = PBXBuildFile; fileRef = 342D33861E680AFA00795B47 /* PlaceTableViewController.swift */; };
		34486B841E680E2E00200A09 /* Place.swift in Sources */ = {isa = PBXBuildFile; fileRef = 34486B831E680E2E00200A09 /* Place.swift */; };
		34486B861E68101100200A09 /* PlaceTableViewCell.swift in Sources */ = {isa = PBXBuildFile; fileRef = 34486B851E68101100200A09 /* PlaceTableViewCell.swift */; };
		34AC95E61E5F169A007016A6 /* AppDelegate.swift in Sources */ = {isa = PBXBuildFile; fileRef = 34AC95E51E5F169A007016A6 /* AppDelegate.swift */; };
		34AC95EB1E5F169A007016A6 /* Main.storyboard in Resources */ = {isa = PBXBuildFile; fileRef = 34AC95E91E5F169A007016A6 /* Main.storyboard */; };
		34AC95ED1E5F169A007016A6 /* Assets.xcassets in Resources */ = {isa = PBXBuildFile; fileRef = 34AC95EC1E5F169A007016A6 /* Assets.xcassets */; };
		34AC95F01E5F169A007016A6 /* LaunchScreen.storyboard in Resources */ = {isa = PBXBuildFile; fileRef = 34AC95EE1E5F169A007016A6 /* LaunchScreen.storyboard */; };
		34F032771E67E80C00CCAD4D /* SearchContext.swift in Sources */ = {isa = PBXBuildFile; fileRef = 34F032761E67E80C00CCAD4D /* SearchContext.swift */; };
		34F032791E67FF9500CCAD4D /* SearchContextTableViewCell.swift in Sources */ = {isa = PBXBuildFile; fileRef = 34F032781E67FF9500CCAD4D /* SearchContextTableViewCell.swift */; };
		4D9728B1FE54AE55B888EB67 /* Pods_Abstract_AoiSearch.framework in Frameworks */ = {isa = PBXBuildFile; fileRef = 2BA7121B894F6EC02FECCAB8 /* Pods_Abstract_AoiSearch.framework */; };
/* End PBXBuildFile section */

/* Begin PBXFileReference section */
		2BA7121B894F6EC02FECCAB8 /* Pods_Abstract_AoiSearch.framework */ = {isa = PBXFileReference; explicitFileType = wrapper.framework; includeInIndex = 0; path = Pods_Abstract_AoiSearch.framework; sourceTree = BUILT_PRODUCTS_DIR; };
		341AC8C61E67B7C300C0AE91 /* SearchContextTableViewController.swift */ = {isa = PBXFileReference; fileEncoding = 4; lastKnownFileType = sourcecode.swift; path = SearchContextTableViewController.swift; sourceTree = "<group>"; };
		342D33861E680AFA00795B47 /* PlaceTableViewController.swift */ = {isa = PBXFileReference; fileEncoding = 4; lastKnownFileType = sourcecode.swift; path = PlaceTableViewController.swift; sourceTree = "<group>"; };
		34486B831E680E2E00200A09 /* Place.swift */ = {isa = PBXFileReference; fileEncoding = 4; lastKnownFileType = sourcecode.swift; path = Place.swift; sourceTree = "<group>"; };
		34486B851E68101100200A09 /* PlaceTableViewCell.swift */ = {isa = PBXFileReference; fileEncoding = 4; lastKnownFileType = sourcecode.swift; path = PlaceTableViewCell.swift; sourceTree = "<group>"; };
		34AC95E21E5F169A007016A6 /* AoiSearch.app */ = {isa = PBXFileReference; explicitFileType = wrapper.application; includeInIndex = 0; path = AoiSearch.app; sourceTree = BUILT_PRODUCTS_DIR; };
		34AC95E51E5F169A007016A6 /* AppDelegate.swift */ = {isa = PBXFileReference; lastKnownFileType = sourcecode.swift; path = AppDelegate.swift; sourceTree = "<group>"; };
		34AC95EA1E5F169A007016A6 /* Base */ = {isa = PBXFileReference; lastKnownFileType = file.storyboard; name = Base; path = Base.lproj/Main.storyboard; sourceTree = "<group>"; };
		34AC95EC1E5F169A007016A6 /* Assets.xcassets */ = {isa = PBXFileReference; lastKnownFileType = folder.assetcatalog; path = Assets.xcassets; sourceTree = "<group>"; };
		34AC95EF1E5F169A007016A6 /* Base */ = {isa = PBXFileReference; lastKnownFileType = file.storyboard; name = Base; path = Base.lproj/LaunchScreen.storyboard; sourceTree = "<group>"; };
		34AC95F11E5F169A007016A6 /* Info.plist */ = {isa = PBXFileReference; lastKnownFileType = text.plist.xml; path = Info.plist; sourceTree = "<group>"; };
		34F032761E67E80C00CCAD4D /* SearchContext.swift */ = {isa = PBXFileReference; fileEncoding = 4; lastKnownFileType = sourcecode.swift; path = SearchContext.swift; sourceTree = "<group>"; };
		34F032781E67FF9500CCAD4D /* SearchContextTableViewCell.swift */ = {isa = PBXFileReference; fileEncoding = 4; lastKnownFileType = sourcecode.swift; path = SearchContextTableViewCell.swift; sourceTree = "<group>"; };
		5514FBB12F474CC4A58B34C4 /* Pods-Abstract-AoiSearch.debug.xcconfig */ = {isa = PBXFileReference; includeInIndex = 1; lastKnownFileType = text.xcconfig; name = "Pods-Abstract-AoiSearch.debug.xcconfig"; path = "Pods/Target Support Files/Pods-Abstract-AoiSearch/Pods-Abstract-AoiSearch.debug.xcconfig"; sourceTree = "<group>"; };
		971BE45D580050CABDECB040 /* Pods-Abstract-AoiSearch.release.xcconfig */ = {isa = PBXFileReference; includeInIndex = 1; lastKnownFileType = text.xcconfig; name = "Pods-Abstract-AoiSearch.release.xcconfig"; path = "Pods/Target Support Files/Pods-Abstract-AoiSearch/Pods-Abstract-AoiSearch.release.xcconfig"; sourceTree = "<group>"; };
		ABB6B97D072CA3F60C631333 /* Pods_AoiSearch.framework */ = {isa = PBXFileReference; explicitFileType = wrapper.framework; includeInIndex = 0; path = Pods_AoiSearch.framework; sourceTree = BUILT_PRODUCTS_DIR; };
		C65DBC35CD738FD6B1240D29 /* Pods-AoiSearch.release.xcconfig */ = {isa = PBXFileReference; includeInIndex = 1; lastKnownFileType = text.xcconfig; name = "Pods-AoiSearch.release.xcconfig"; path = "Pods/Target Support Files/Pods-AoiSearch/Pods-AoiSearch.release.xcconfig"; sourceTree = "<group>"; };
/* End PBXFileReference section */

/* Begin PBXFrameworksBuildPhase section */
		34AC95DF1E5F169A007016A6 /* Frameworks */ = {
			isa = PBXFrameworksBuildPhase;
			buildActionMask = 2147483647;
			files = (
				4D9728B1FE54AE55B888EB67 /* Pods_Abstract_AoiSearch.framework in Frameworks */,
			);
			runOnlyForDeploymentPostprocessing = 0;
		};
/* End PBXFrameworksBuildPhase section */

/* Begin PBXGroup section */
		140E74E6A5D87CD738B990F5 /* Pods */ = {
			isa = PBXGroup;
			children = (
				C65DBC35CD738FD6B1240D29 /* Pods-AoiSearch.release.xcconfig */,
				5514FBB12F474CC4A58B34C4 /* Pods-Abstract-AoiSearch.debug.xcconfig */,
				971BE45D580050CABDECB040 /* Pods-Abstract-AoiSearch.release.xcconfig */,
			);
			name = Pods;
			sourceTree = "<group>";
		};
		346FB8BA1E694B2D00F15D4C /* Model */ = {
			isa = PBXGroup;
			children = (
				34486B831E680E2E00200A09 /* Place.swift */,
				34F032761E67E80C00CCAD4D /* SearchContext.swift */,
			);
			name = Model;
			sourceTree = "<group>";
		};
		346FB8BB1E694B4000F15D4C /* Controller */ = {
			isa = PBXGroup;
			children = (
				34AC95E51E5F169A007016A6 /* AppDelegate.swift */,
				342D33861E680AFA00795B47 /* PlaceTableViewController.swift */,
				341AC8C61E67B7C300C0AE91 /* SearchContextTableViewController.swift */,
			);
			name = Controller;
			sourceTree = "<group>";
		};
		346FB8BC1E694BA400F15D4C /* View */ = {
			isa = PBXGroup;
			children = (
				346FB8BD1E694BB500F15D4C /* TableViewCell */,
			);
			name = View;
			sourceTree = "<group>";
		};
		346FB8BD1E694BB500F15D4C /* TableViewCell */ = {
			isa = PBXGroup;
			children = (
				34486B851E68101100200A09 /* PlaceTableViewCell.swift */,
				34F032781E67FF9500CCAD4D /* SearchContextTableViewCell.swift */,
			);
			name = TableViewCell;
			sourceTree = "<group>";
		};
		346FB8BE1E694BD500F15D4C /* Storyboard */ = {
			isa = PBXGroup;
			children = (
				34AC95EE1E5F169A007016A6 /* LaunchScreen.storyboard */,
				34AC95E91E5F169A007016A6 /* Main.storyboard */,
			);
			name = Storyboard;
			sourceTree = "<group>";
		};
		34AC95D91E5F169A007016A6 = {
			isa = PBXGroup;
			children = (
				34AC95E41E5F169A007016A6 /* AoiSearch */,
				34AC95E31E5F169A007016A6 /* Products */,
				140E74E6A5D87CD738B990F5 /* Pods */,
				8030B6A38D343057637DA6BC /* Frameworks */,
			);
			sourceTree = "<group>";
		};
		34AC95E31E5F169A007016A6 /* Products */ = {
			isa = PBXGroup;
			children = (
				34AC95E21E5F169A007016A6 /* AoiSearch.app */,
			);
			name = Products;
			sourceTree = "<group>";
		};
		34AC95E41E5F169A007016A6 /* AoiSearch */ = {
			isa = PBXGroup;
			children = (
				346FB8BE1E694BD500F15D4C /* Storyboard */,
				346FB8BC1E694BA400F15D4C /* View */,
				346FB8BB1E694B4000F15D4C /* Controller */,
				346FB8BA1E694B2D00F15D4C /* Model */,
				34AC95EC1E5F169A007016A6 /* Assets.xcassets */,
				34AC95F11E5F169A007016A6 /* Info.plist */,
			);
			path = AoiSearch;
			sourceTree = "<group>";
		};
		8030B6A38D343057637DA6BC /* Frameworks */ = {
			isa = PBXGroup;
			children = (
				ABB6B97D072CA3F60C631333 /* Pods_AoiSearch.framework */,
				2BA7121B894F6EC02FECCAB8 /* Pods_Abstract_AoiSearch.framework */,
			);
			name = Frameworks;
			sourceTree = "<group>";
		};
/* End PBXGroup section */

/* Begin PBXNativeTarget section */
		34AC95E11E5F169A007016A6 /* AoiSearch */ = {
			isa = PBXNativeTarget;
			buildConfigurationList = 34AC95F41E5F169A007016A6 /* Build configuration list for PBXNativeTarget "AoiSearch" */;
			buildPhases = (
				D00E37E9B595C661AA09572C /* [CP] Check Pods Manifest.lock */,
				34AC95DE1E5F169A007016A6 /* Sources */,
				34AC95DF1E5F169A007016A6 /* Frameworks */,
				34AC95E01E5F169A007016A6 /* Resources */,
				4269143FAF52AB4A8CE69DAC /* [CP] Embed Pods Frameworks */,
				1275EC9AE1B19862ABAA4850 /* [CP] Copy Pods Resources */,
				345FFB271E5F18A300B6F5BD /* ShellScript */,
			);
			buildRules = (
			);
			dependencies = (
			);
			name = AoiSearch;
			productName = AoiSearch;
			productReference = 34AC95E21E5F169A007016A6 /* AoiSearch.app */;
			productType = "com.apple.product-type.application";
		};
/* End PBXNativeTarget section */

/* Begin PBXProject section */
		34AC95DA1E5F169A007016A6 /* Project object */ = {
			isa = PBXProject;
			attributes = {
				LastSwiftUpdateCheck = 0820;
				LastUpgradeCheck = 0820;
				ORGANIZATIONNAME = "Tomohiro Zoda";
				TargetAttributes = {
					34AC95E11E5F169A007016A6 = {
						CreatedOnToolsVersion = 8.2.1;
						DevelopmentTeam = Z835WY3K6C;
						ProvisioningStyle = Automatic;
					};
				};
			};
			buildConfigurationList = 34AC95DD1E5F169A007016A6 /* Build configuration list for PBXProject "AoiSearch" */;
			compatibilityVersion = "Xcode 3.2";
			developmentRegion = English;
			hasScannedForEncodings = 0;
			knownRegions = (
				en,
				Base,
			);
			mainGroup = 34AC95D91E5F169A007016A6;
			productRefGroup = 34AC95E31E5F169A007016A6 /* Products */;
			projectDirPath = "";
			projectRoot = "";
			targets = (
				34AC95E11E5F169A007016A6 /* AoiSearch */,
			);
		};
/* End PBXProject section */

/* Begin PBXResourcesBuildPhase section */
		34AC95E01E5F169A007016A6 /* Resources */ = {
			isa = PBXResourcesBuildPhase;
			buildActionMask = 2147483647;
			files = (
				34AC95F01E5F169A007016A6 /* LaunchScreen.storyboard in Resources */,
				34AC95ED1E5F169A007016A6 /* Assets.xcassets in Resources */,
				34AC95EB1E5F169A007016A6 /* Main.storyboard in Resources */,
			);
			runOnlyForDeploymentPostprocessing = 0;
		};
/* End PBXResourcesBuildPhase section */

/* Begin PBXShellScriptBuildPhase section */
		1275EC9AE1B19862ABAA4850 /* [CP] Copy Pods Resources */ = {
			isa = PBXShellScriptBuildPhase;
			buildActionMask = 2147483647;
			files = (
			);
			inputPaths = (
			);
			name = "[CP] Copy Pods Resources";
			outputPaths = (
			);
			runOnlyForDeploymentPostprocessing = 0;
			shellPath = /bin/sh;
			shellScript = "\"${SRCROOT}/Pods/Target Support Files/Pods-Abstract-AoiSearch/Pods-Abstract-AoiSearch-resources.sh\"\n";
			showEnvVarsInLog = 0;
		};
		345FFB271E5F18A300B6F5BD /* ShellScript */ = {
			isa = PBXShellScriptBuildPhase;
			buildActionMask = 2147483647;
			files = (
			);
			inputPaths = (
			);
			outputPaths = (
			);
			runOnlyForDeploymentPostprocessing = 0;
			shellPath = /bin/sh;
			shellScript = "if which ${PODS_ROOT}/SwiftLint/swiftlint >/dev/null; then\n    ${PODS_ROOT}/SwiftLint/swiftlint\nelse\n    echo \"warning: SwiftLint not installed, download from https://github.com/realm/SwiftLint\"\nfi";
		};
		4269143FAF52AB4A8CE69DAC /* [CP] Embed Pods Frameworks */ = {
			isa = PBXShellScriptBuildPhase;
			buildActionMask = 2147483647;
			files = (
			);
			inputPaths = (
			);
			name = "[CP] Embed Pods Frameworks";
			outputPaths = (
			);
			runOnlyForDeploymentPostprocessing = 0;
			shellPath = /bin/sh;
			shellScript = "\"${SRCROOT}/Pods/Target Support Files/Pods-Abstract-AoiSearch/Pods-Abstract-AoiSearch-frameworks.sh\"\n";
			showEnvVarsInLog = 0;
		};
		D00E37E9B595C661AA09572C /* [CP] Check Pods Manifest.lock */ = {
			isa = PBXShellScriptBuildPhase;
			buildActionMask = 2147483647;
			files = (
			);
			inputPaths = (
			);
			name = "[CP] Check Pods Manifest.lock";
			outputPaths = (
			);
			runOnlyForDeploymentPostprocessing = 0;
			shellPath = /bin/sh;
			shellScript = "diff \"${PODS_ROOT}/../Podfile.lock\" \"${PODS_ROOT}/Manifest.lock\" > /dev/null\nif [ $? != 0 ] ; then\n    # print error to STDERR\n    echo \"error: The sandbox is not in sync with the Podfile.lock. Run 'pod install' or update your CocoaPods installation.\" >&2\n    exit 1\nfi\n";
			showEnvVarsInLog = 0;
		};
/* End PBXShellScriptBuildPhase section */

/* Begin PBXSourcesBuildPhase section */
		34AC95DE1E5F169A007016A6 /* Sources */ = {
			isa = PBXSourcesBuildPhase;
			buildActionMask = 2147483647;
			files = (
				341AC8C71E67B7C300C0AE91 /* SearchContextTableViewController.swift in Sources */,
				34F032771E67E80C00CCAD4D /* SearchContext.swift in Sources */,
				34F032791E67FF9500CCAD4D /* SearchContextTableViewCell.swift in Sources */,
				34486B861E68101100200A09 /* PlaceTableViewCell.swift in Sources */,
				34486B841E680E2E00200A09 /* Place.swift in Sources */,
				34AC95E61E5F169A007016A6 /* AppDelegate.swift in Sources */,
				342D33871E680AFA00795B47 /* PlaceTableViewController.swift in Sources */,
			);
			runOnlyForDeploymentPostprocessing = 0;
		};
/* End PBXSourcesBuildPhase section */

/* Begin PBXVariantGroup section */
		34AC95E91E5F169A007016A6 /* Main.storyboard */ = {
			isa = PBXVariantGroup;
			children = (
				34AC95EA1E5F169A007016A6 /* Base */,
			);
			name = Main.storyboard;
			sourceTree = "<group>";
		};
		34AC95EE1E5F169A007016A6 /* LaunchScreen.storyboard */ = {
			isa = PBXVariantGroup;
			children = (
				34AC95EF1E5F169A007016A6 /* Base */,
			);
			name = LaunchScreen.storyboard;
			sourceTree = "<group>";
		};
/* End PBXVariantGroup section */

/* Begin XCBuildConfiguration section */
		34AC95F21E5F169A007016A6 /* Debug */ = {
			isa = XCBuildConfiguration;
			buildSettings = {
				ALWAYS_SEARCH_USER_PATHS = NO;
				CLANG_ANALYZER_NONNULL = YES;
				CLANG_CXX_LANGUAGE_STANDARD = "gnu++0x";
				CLANG_CXX_LIBRARY = "libc++";
				CLANG_ENABLE_MODULES = YES;
				CLANG_ENABLE_OBJC_ARC = YES;
				CLANG_WARN_BOOL_CONVERSION = YES;
				CLANG_WARN_CONSTANT_CONVERSION = YES;
				CLANG_WARN_DIRECT_OBJC_ISA_USAGE = YES_ERROR;
				CLANG_WARN_DOCUMENTATION_COMMENTS = YES;
				CLANG_WARN_EMPTY_BODY = YES;
				CLANG_WARN_ENUM_CONVERSION = YES;
				CLANG_WARN_INFINITE_RECURSION = YES;
				CLANG_WARN_INT_CONVERSION = YES;
				CLANG_WARN_OBJC_ROOT_CLASS = YES_ERROR;
				CLANG_WARN_SUSPICIOUS_MOVE = YES;
				CLANG_WARN_UNREACHABLE_CODE = YES;
				CLANG_WARN__DUPLICATE_METHOD_MATCH = YES;
				"CODE_SIGN_IDENTITY[sdk=iphoneos*]" = "iPhone Developer";
				COPY_PHASE_STRIP = NO;
				DEBUG_INFORMATION_FORMAT = dwarf;
				ENABLE_STRICT_OBJC_MSGSEND = YES;
				ENABLE_TESTABILITY = YES;
				GCC_C_LANGUAGE_STANDARD = gnu99;
				GCC_DYNAMIC_NO_PIC = NO;
				GCC_NO_COMMON_BLOCKS = YES;
				GCC_OPTIMIZATION_LEVEL = 0;
				GCC_PREPROCESSOR_DEFINITIONS = (
					"DEBUG=1",
					"$(inherited)",
				);
				GCC_WARN_64_TO_32_BIT_CONVERSION = YES;
				GCC_WARN_ABOUT_RETURN_TYPE = YES_ERROR;
				GCC_WARN_UNDECLARED_SELECTOR = YES;
				GCC_WARN_UNINITIALIZED_AUTOS = YES_AGGRESSIVE;
				GCC_WARN_UNUSED_FUNCTION = YES;
				GCC_WARN_UNUSED_VARIABLE = YES;
				IPHONEOS_DEPLOYMENT_TARGET = 10.2;
				MTL_ENABLE_DEBUG_INFO = YES;
				ONLY_ACTIVE_ARCH = YES;
				SDKROOT = iphoneos;
				SWIFT_ACTIVE_COMPILATION_CONDITIONS = DEBUG;
				SWIFT_OPTIMIZATION_LEVEL = "-Onone";
			};
			name = Debug;
		};
		34AC95F31E5F169A007016A6 /* Release */ = {
			isa = XCBuildConfiguration;
			buildSettings = {
				ALWAYS_SEARCH_USER_PATHS = NO;
				CLANG_ANALYZER_NONNULL = YES;
				CLANG_CXX_LANGUAGE_STANDARD = "gnu++0x";
				CLANG_CXX_LIBRARY = "libc++";
				CLANG_ENABLE_MODULES = YES;
				CLANG_ENABLE_OBJC_ARC = YES;
				CLANG_WARN_BOOL_CONVERSION = YES;
				CLANG_WARN_CONSTANT_CONVERSION = YES;
				CLANG_WARN_DIRECT_OBJC_ISA_USAGE = YES_ERROR;
				CLANG_WARN_DOCUMENTATION_COMMENTS = YES;
				CLANG_WARN_EMPTY_BODY = YES;
				CLANG_WARN_ENUM_CONVERSION = YES;
				CLANG_WARN_INFINITE_RECURSION = YES;
				CLANG_WARN_INT_CONVERSION = YES;
				CLANG_WARN_OBJC_ROOT_CLASS = YES_ERROR;
				CLANG_WARN_SUSPICIOUS_MOVE = YES;
				CLANG_WARN_UNREACHABLE_CODE = YES;
				CLANG_WARN__DUPLICATE_METHOD_MATCH = YES;
				"CODE_SIGN_IDENTITY[sdk=iphoneos*]" = "iPhone Developer";
				COPY_PHASE_STRIP = NO;
				DEBUG_INFORMATION_FORMAT = "dwarf-with-dsym";
				ENABLE_NS_ASSERTIONS = NO;
				ENABLE_STRICT_OBJC_MSGSEND = YES;
				GCC_C_LANGUAGE_STANDARD = gnu99;
				GCC_NO_COMMON_BLOCKS = YES;
				GCC_WARN_64_TO_32_BIT_CONVERSION = YES;
				GCC_WARN_ABOUT_RETURN_TYPE = YES_ERROR;
				GCC_WARN_UNDECLARED_SELECTOR = YES;
				GCC_WARN_UNINITIALIZED_AUTOS = YES_AGGRESSIVE;
				GCC_WARN_UNUSED_FUNCTION = YES;
				GCC_WARN_UNUSED_VARIABLE = YES;
				IPHONEOS_DEPLOYMENT_TARGET = 10.2;
				MTL_ENABLE_DEBUG_INFO = NO;
				SDKROOT = iphoneos;
				SWIFT_OPTIMIZATION_LEVEL = "-Owholemodule";
				VALIDATE_PRODUCT = YES;
			};
			name = Release;
		};
		34AC95F51E5F169A007016A6 /* Debug */ = {
			isa = XCBuildConfiguration;
			baseConfigurationReference = 5514FBB12F474CC4A58B34C4 /* Pods-Abstract-AoiSearch.debug.xcconfig */;
			buildSettings = {
				ASSETCATALOG_COMPILER_APPICON_NAME = AppIcon;
				DEVELOPMENT_TEAM = Z835WY3K6C;
				ENABLE_BITCODE = YES;
				INFOPLIST_FILE = AoiSearch/Info.plist;
				LD_RUNPATH_SEARCH_PATHS = "$(inherited) @executable_path/Frameworks";
				PRODUCT_BUNDLE_IDENTIFIER = com.zdogma.private.AoiSearch;
				PRODUCT_NAME = "$(TARGET_NAME)";
				SWIFT_VERSION = 3.0;
			};
			name = Debug;
		};
		34AC95F61E5F169A007016A6 /* Release */ = {
			isa = XCBuildConfiguration;
			baseConfigurationReference = 971BE45D580050CABDECB040 /* Pods-Abstract-AoiSearch.release.xcconfig */;
			buildSettings = {
				ASSETCATALOG_COMPILER_APPICON_NAME = AppIcon;
				DEVELOPMENT_TEAM = Z835WY3K6C;
				ENABLE_BITCODE = YES;
				INFOPLIST_FILE = AoiSearch/Info.plist;
				LD_RUNPATH_SEARCH_PATHS = "$(inherited) @executable_path/Frameworks";
				PRODUCT_BUNDLE_IDENTIFIER = com.zdogma.private.AoiSearch;
				PRODUCT_NAME = "$(TARGET_NAME)";
				SWIFT_VERSION = 3.0;
			};
			name = Release;
		};
/* End XCBuildConfiguration section */

/* Begin XCConfigurationList section */
		34AC95DD1E5F169A007016A6 /* Build configuration list for PBXProject "AoiSearch" */ = {
			isa = XCConfigurationList;
			buildConfigurations = (
				34AC95F21E5F169A007016A6 /* Debug */,
				34AC95F31E5F169A007016A6 /* Release */,
			);
			defaultConfigurationIsVisible = 0;
			defaultConfigurationName = Release;
		};
		34AC95F41E5F169A007016A6 /* Build configuration list for PBXNativeTarget "AoiSearch" */ = {
			isa = XCConfigurationList;
			buildConfigurations = (
				34AC95F51E5F169A007016A6 /* Debug */,
				34AC95F61E5F169A007016A6 /* Release */,
			);
			defaultConfigurationIsVisible = 0;
			defaultConfigurationName = Release;
		};
/* End XCConfigurationList section */
	};
	rootObject = 34AC95DA1E5F169A007016A6 /* Project object */;
}
